
Microsoft Visual Studio Solution File, Format Version 12.00
# Visual Studio Version 17
VisualStudioVersion = 17.4.33213.308
MinimumVisualStudioVersion = 10.0.40219.1
Project("{FAE04EC0-301F-11D3-BF4B-00C04F79EFBC}") = "ProjetoFarmácia", "ProjetoFarmácia\ProjetoFarmácia.csproj", "{91955388-C86C-4EEF-944F-BA9B0A9EDBBA}"
EndProject
Global
	GlobalSection(SolutionConfigurationPlatforms) = preSolution
		Debug|Any CPU = Debug|Any CPU
		Release|Any CPU = Release|Any CPU
	EndGlobalSection
	GlobalSection(ProjectConfigurationPlatforms) = postSolution
		{91955388-C86C-4EEF-944F-BA9B0A9EDBBA}.Debug|Any CPU.ActiveCfg = Debug|Any CPU
		{91955388-C86C-4EEF-944F-BA9B0A9EDBBA}.Debug|Any CPU.Build.0 = Debug|Any CPU
		{91955388-C86C-4EEF-944F-BA9B0A9EDBBA}.Release|Any CPU.ActiveCfg = Release|Any CPU
		{91955388-C86C-4EEF-944F-BA9B0A9EDBBA}.Release|Any CPU.Build.0 = Release|Any CPU
	EndGlobalSection
	GlobalSection(SolutionProperties) = preSolution
		HideSolutionNode = FALSE
	EndGlobalSection
	GlobalSection(ExtensibilityGlobals) = postSolution
		SolutionGuid = {0745515B-A48C-49A6-8C31-7A614C6EAD57}
	EndGlobalSection
EndGlobal
